// !$*UTF8*$!
{
	archiveVersion = 1;
	classes = {
	};
	objectVersion = 55;
	objects = {

/* Begin PBXBuildFile section */
		CF67E55E2744E1F100261E51 /* AppDelegate.swift in Sources */ = {isa = PBXBuildFile; fileRef = CF67E55D2744E1F100261E51 /* AppDelegate.swift */; };
		CF67E5602744E1F100261E51 /* SceneDelegate.swift in Sources */ = {isa = PBXBuildFile; fileRef = CF67E55F2744E1F100261E51 /* SceneDelegate.swift */; };
		CF67E5622744E1F100261E51 /* ViewController.swift in Sources */ = {isa = PBXBuildFile; fileRef = CF67E5612744E1F100261E51 /* ViewController.swift */; };
		CF67E5652744E1F100261E51 /* Main.storyboard in Resources */ = {isa = PBXBuildFile; fileRef = CF67E5632744E1F100261E51 /* Main.storyboard */; };
		CF67E5672744E1F500261E51 /* Assets.xcassets in Resources */ = {isa = PBXBuildFile; fileRef = CF67E5662744E1F500261E51 /* Assets.xcassets */; };
		CF67E56A2744E1F500261E51 /* LaunchScreen.storyboard in Resources */ = {isa = PBXBuildFile; fileRef = CF67E5682744E1F500261E51 /* LaunchScreen.storyboard */; };
		CF67E5722744E6D500261E51 /* NetworkManagment.swift in Sources */ = {isa = PBXBuildFile; fileRef = CF67E5712744E6D500261E51 /* NetworkManagment.swift */; };
		CFB19D62274634190038EAC6 /* WeatherModels.swift in Sources */ = {isa = PBXBuildFile; fileRef = CFB19D61274634190038EAC6 /* WeatherModels.swift */; };
/* End PBXBuildFile section */

/* Begin PBXFileReference section */
		CF67E55A2744E1F100261E51 /* WeatherApp_Capstone.app */ = {isa = PBXFileReference; explicitFileType = wrapper.application; includeInIndex = 0; path = WeatherApp_Capstone.app; sourceTree = BUILT_PRODUCTS_DIR; };
		CF67E55D2744E1F100261E51 /* AppDelegate.swift */ = {isa = PBXFileReference; lastKnownFileType = sourcecode.swift; path = AppDelegate.swift; sourceTree = "<group>"; };
		CF67E55F2744E1F100261E51 /* SceneDelegate.swift */ = {isa = PBXFileReference; lastKnownFileType = sourcecode.swift; path = SceneDelegate.swift; sourceTree = "<group>"; };
		CF67E5612744E1F100261E51 /* ViewController.swift */ = {isa = PBXFileReference; lastKnownFileType = sourcecode.swift; path = ViewController.swift; sourceTree = "<group>"; };
		CF67E5642744E1F100261E51 /* Base */ = {isa = PBXFileReference; lastKnownFileType = file.storyboard; name = Base; path = Base.lproj/Main.storyboard; sourceTree = "<group>"; };
		CF67E5662744E1F500261E51 /* Assets.xcassets */ = {isa = PBXFileReference; lastKnownFileType = folder.assetcatalog; path = Assets.xcassets; sourceTree = "<group>"; };
		CF67E5692744E1F500261E51 /* Base */ = {isa = PBXFileReference; lastKnownFileType = file.storyboard; name = Base; path = Base.lproj/LaunchScreen.storyboard; sourceTree = "<group>"; };
		CF67E56B2744E1F500261E51 /* Info.plist */ = {isa = PBXFileReference; lastKnownFileType = text.plist.xml; path = Info.plist; sourceTree = "<group>"; };
		CF67E5712744E6D500261E51 /* NetworkManagment.swift */ = {isa = PBXFileReference; lastKnownFileType = sourcecode.swift; path = NetworkManagment.swift; sourceTree = "<group>"; };
		CFB19D61274634190038EAC6 /* WeatherModels.swift */ = {isa = PBXFileReference; lastKnownFileType = sourcecode.swift; path = WeatherModels.swift; sourceTree = "<group>"; };
/* End PBXFileReference section */

/* Begin PBXFrameworksBuildPhase section */
		CF67E5572744E1F100261E51 /* Frameworks */ = {
			isa = PBXFrameworksBuildPhase;
			buildActionMask = 2147483647;
			files = (
			);
			runOnlyForDeploymentPostprocessing = 0;
		};
/* End PBXFrameworksBuildPhase section */

/* Begin PBXGroup section */
		CF67E5512744E1F100261E51 = {
			isa = PBXGroup;
			children = (
				CF67E55C2744E1F100261E51 /* WeatherApp_Capstone */,
				CF67E55B2744E1F100261E51 /* Products */,
			);
			sourceTree = "<group>";
		};
		CF67E55B2744E1F100261E51 /* Products */ = {
			isa = PBXGroup;
			children = (
				CF67E55A2744E1F100261E51 /* WeatherApp_Capstone.app */,
			);
			name = Products;
			sourceTree = "<group>";
		};
		CF67E55C2744E1F100261E51 /* WeatherApp_Capstone */ = {
			isa = PBXGroup;
			children = (
				CF67E5752744EBE800261E51 /* Controller */,
				CF67E5742744EBDC00261E51 /* View */,
				CF67E5732744EBCE00261E51 /* Model */,
				CF67E55D2744E1F100261E51 /* AppDelegate.swift */,
				CF67E55F2744E1F100261E51 /* SceneDelegate.swift */,
				CF67E5662744E1F500261E51 /* Assets.xcassets */,
				CF67E5682744E1F500261E51 /* LaunchScreen.storyboard */,
				CF67E56B2744E1F500261E51 /* Info.plist */,
			);
			path = WeatherApp_Capstone;
			sourceTree = "<group>";
		};
		CF67E5732744EBCE00261E51 /* Model */ = {
			isa = PBXGroup;
			children = (
				CF67E5712744E6D500261E51 /* NetworkManagment.swift */,
				CFB19D61274634190038EAC6 /* WeatherModels.swift */,
			);
			path = Model;
			sourceTree = "<group>";
		};
		CF67E5742744EBDC00261E51 /* View */ = {
			isa = PBXGroup;
			children = (
				CF67E5632744E1F100261E51 /* Main.storyboard */,
			);
			path = View;
			sourceTree = "<group>";
		};
		CF67E5752744EBE800261E51 /* Controller */ = {
			isa = PBXGroup;
			children = (
				CF67E5612744E1F100261E51 /* ViewController.swift */,
			);
			path = Controller;
			sourceTree = "<group>";
		};
/* End PBXGroup section */

/* Begin PBXNativeTarget section */
		CF67E5592744E1F100261E51 /* WeatherApp_Capstone */ = {
			isa = PBXNativeTarget;
			buildConfigurationList = CF67E56E2744E1F500261E51 /* Build configuration list for PBXNativeTarget "WeatherApp_Capstone" */;
			buildPhases = (
				CF67E5562744E1F100261E51 /* Sources */,
				CF67E5572744E1F100261E51 /* Frameworks */,
				CF67E5582744E1F100261E51 /* Resources */,
			);
			buildRules = (
			);
			dependencies = (
			);
			name = WeatherApp_Capstone;
			productName = WeatherApp_Capstone;
			productReference = CF67E55A2744E1F100261E51 /* WeatherApp_Capstone.app */;
			productType = "com.apple.product-type.application";
		};
/* End PBXNativeTarget section */

/* Begin PBXProject section */
		CF67E5522744E1F100261E51 /* Project object */ = {
			isa = PBXProject;
			attributes = {
				BuildIndependentTargetsInParallel = 1;
				LastSwiftUpdateCheck = 1310;
				LastUpgradeCheck = 1310;
				TargetAttributes = {
					CF67E5592744E1F100261E51 = {
						CreatedOnToolsVersion = 13.1;
					};
				};
			};
			buildConfigurationList = CF67E5552744E1F100261E51 /* Build configuration list for PBXProject "WeatherApp_Capstone" */;
			compatibilityVersion = "Xcode 13.0";
			developmentRegion = en;
			hasScannedForEncodings = 0;
			knownRegions = (
				en,
				Base,
			);
			mainGroup = CF67E5512744E1F100261E51;
			productRefGroup = CF67E55B2744E1F100261E51 /* Products */;
			projectDirPath = "";
			projectRoot = "";
			targets = (
				CF67E5592744E1F100261E51 /* WeatherApp_Capstone */,
			);
		};
/* End PBXProject section */

/* Begin PBXResourcesBuildPhase section */
		CF67E5582744E1F100261E51 /* Resources */ = {
			isa = PBXResourcesBuildPhase;
			buildActionMask = 2147483647;
			files = (
				CF67E56A2744E1F500261E51 /* LaunchScreen.storyboard in Resources */,
				CF67E5672744E1F500261E51 /* Assets.xcassets in Resources */,
				CF67E5652744E1F100261E51 /* Main.storyboard in Resources */,
			);
			runOnlyForDeploymentPostprocessing = 0;
		};
/* End PBXResourcesBuildPhase section */

/* Begin PBXSourcesBuildPhase section */
		CF67E5562744E1F100261E51 /* Sources */ = {
			isa = PBXSourcesBuildPhase;
			buildActionMask = 2147483647;
			files = (
				CF67E5622744E1F100261E51 /* ViewController.swift in Sources */,
				CF67E55E2744E1F100261E51 /* AppDelegate.swift in Sources */,
				CF67E5602744E1F100261E51 /* SceneDelegate.swift in Sources */,
				CF67E5722744E6D500261E51 /* NetworkManagment.swift in Sources */,
				CFB19D62274634190038EAC6 /* WeatherModels.swift in Sources */,
			);
			runOnlyForDeploymentPostprocessing = 0;
		};
/* End PBXSourcesBuildPhase section */

/* Begin PBXVariantGroup section */
		CF67E5632744E1F100261E51 /* Main.storyboard */ = {
			isa = PBXVariantGroup;
			children = (
				CF67E5642744E1F100261E51 /* Base */,
			);
			name = Main.storyboard;
			sourceTree = "<group>";
		};
		CF67E5682744E1F500261E51 /* LaunchScreen.storyboard */ = {
			isa = PBXVariantGroup;
			children = (
				CF67E5692744E1F500261E51 /* Base */,
			);
			name = LaunchScreen.storyboard;
			sourceTree = "<group>";
		};
/* End PBXVariantGroup section */

/* Begin XCBuildConfiguration section */
		CF67E56C2744E1F500261E51 /* Debug */ = {
			isa = XCBuildConfiguration;
			buildSettings = {
				ALWAYS_SEARCH_USER_PATHS = NO;
				CLANG_ANALYZER_NONNULL = YES;
				CLANG_ANALYZER_NUMBER_OBJECT_CONVERSION = YES_AGGRESSIVE;
				CLANG_CXX_LANGUAGE_STANDARD = "gnu++17";
				CLANG_CXX_LIBRARY = "libc++";
				CLANG_ENABLE_MODULES = YES;
				CLANG_ENABLE_OBJC_ARC = YES;
				CLANG_ENABLE_OBJC_WEAK = YES;
				CLANG_WARN_BLOCK_CAPTURE_AUTORELEASING = YES;
				CLANG_WARN_BOOL_CONVERSION = YES;
				CLANG_WARN_COMMA = YES;
				CLANG_WARN_CONSTANT_CONVERSION = YES;
				CLANG_WARN_DEPRECATED_OBJC_IMPLEMENTATIONS = YES;
				CLANG_WARN_DIRECT_OBJC_ISA_USAGE = YES_ERROR;
				CLANG_WARN_DOCUMENTATION_COMMENTS = YES;
				CLANG_WARN_EMPTY_BODY = YES;
				CLANG_WARN_ENUM_CONVERSION = YES;
				CLANG_WARN_INFINITE_RECURSION = YES;
				CLANG_WARN_INT_CONVERSION = YES;
				CLANG_WARN_NON_LITERAL_NULL_CONVERSION = YES;
				CLANG_WARN_OBJC_IMPLICIT_RETAIN_SELF = YES;
				CLANG_WARN_OBJC_LITERAL_CONVERSION = YES;
				CLANG_WARN_OBJC_ROOT_CLASS = YES_ERROR;
				CLANG_WARN_QUOTED_INCLUDE_IN_FRAMEWORK_HEADER = YES;
				CLANG_WARN_RANGE_LOOP_ANALYSIS = YES;
				CLANG_WARN_STRICT_PROTOTYPES = YES;
				CLANG_WARN_SUSPICIOUS_MOVE = YES;
				CLANG_WARN_UNGUARDED_AVAILABILITY = YES_AGGRESSIVE;
				CLANG_WARN_UNREACHABLE_CODE = YES;
				CLANG_WARN__DUPLICATE_METHOD_MATCH = YES;
				COPY_PHASE_STRIP = NO;
				DEBUG_INFORMATION_FORMAT = dwarf;
				ENABLE_STRICT_OBJC_MSGSEND = YES;
				ENABLE_TESTABILITY = YES;
				GCC_C_LANGUAGE_STANDARD = gnu11;
				GCC_DYNAMIC_NO_PIC = NO;
				GCC_NO_COMMON_BLOCKS = YES;
				GCC_OPTIMIZATION_LEVEL = 0;
				GCC_PREPROCESSOR_DEFINITIONS = (
					"DEBUG=1",
					"$(inherited)",
				);
				GCC_WARN_64_TO_32_BIT_CONVERSION = YES;
				GCC_WARN_ABOUT_RETURN_TYPE = YES_ERROR;
				GCC_WARN_UNDECLARED_SELECTOR = YES;
				GCC_WARN_UNINITIALIZED_AUTOS = YES_AGGRESSIVE;
				GCC_WARN_UNUSED_FUNCTION = YES;
				GCC_WARN_UNUSED_VARIABLE = YES;
				IPHONEOS_DEPLOYMENT_TARGET = 15.0;
				MTL_ENABLE_DEBUG_INFO = INCLUDE_SOURCE;
				MTL_FAST_MATH = YES;
				ONLY_ACTIVE_ARCH = YES;
				SDKROOT = iphoneos;
				SWIFT_ACTIVE_COMPILATION_CONDITIONS = DEBUG;
				SWIFT_OPTIMIZATION_LEVEL = "-Onone";
			};
			name = Debug;
		};
		CF67E56D2744E1F500261E51 /* Release */ = {
			isa = XCBuildConfiguration;
			buildSettings = {
				ALWAYS_SEARCH_USER_PATHS = NO;
				CLANG_ANALYZER_NONNULL = YES;
				CLANG_ANALYZER_NUMBER_OBJECT_CONVERSION = YES_AGGRESSIVE;
				CLANG_CXX_LANGUAGE_STANDARD = "gnu++17";
				CLANG_CXX_LIBRARY = "libc++";
				CLANG_ENABLE_MODULES = YES;
				CLANG_ENABLE_OBJC_ARC = YES;
				CLANG_ENABLE_OBJC_WEAK = YES;
				CLANG_WARN_BLOCK_CAPTURE_AUTORELEASING = YES;
				CLANG_WARN_BOOL_CONVERSION = YES;
				CLANG_WARN_COMMA = YES;
				CLANG_WARN_CONSTANT_CONVERSION = YES;
				CLANG_WARN_DEPRECATED_OBJC_IMPLEMENTATIONS = YES;
				CLANG_WARN_DIRECT_OBJC_ISA_USAGE = YES_ERROR;
				CLANG_WARN_DOCUMENTATION_COMMENTS = YES;
				CLANG_WARN_EMPTY_BODY = YES;
				CLANG_WARN_ENUM_CONVERSION = YES;
				CLANG_WARN_INFINITE_RECURSION = YES;
				CLANG_WARN_INT_CONVERSION = YES;
				CLANG_WARN_NON_LITERAL_NULL_CONVERSION = YES;
				CLANG_WARN_OBJC_IMPLICIT_RETAIN_SELF = YES;
				CLANG_WARN_OBJC_LITERAL_CONVERSION = YES;
				CLANG_WARN_OBJC_ROOT_CLASS = YES_ERROR;
				CLANG_WARN_QUOTED_INCLUDE_IN_FRAMEWORK_HEADER = YES;
				CLANG_WARN_RANGE_LOOP_ANALYSIS = YES;
				CLANG_WARN_STRICT_PROTOTYPES = YES;
				CLANG_WARN_SUSPICIOUS_MOVE = YES;
				CLANG_WARN_UNGUARDED_AVAILABILITY = YES_AGGRESSIVE;
				CLANG_WARN_UNREACHABLE_CODE = YES;
				CLANG_WARN__DUPLICATE_METHOD_MATCH = YES;
				COPY_PHASE_STRIP = NO;
				DEBUG_INFORMATION_FORMAT = "dwarf-with-dsym";
				ENABLE_NS_ASSERTIONS = NO;
				ENABLE_STRICT_OBJC_MSGSEND = YES;
				GCC_C_LANGUAGE_STANDARD = gnu11;
				GCC_NO_COMMON_BLOCKS = YES;
				GCC_WARN_64_TO_32_BIT_CONVERSION = YES;
				GCC_WARN_ABOUT_RETURN_TYPE = YES_ERROR;
				GCC_WARN_UNDECLARED_SELECTOR = YES;
				GCC_WARN_UNINITIALIZED_AUTOS = YES_AGGRESSIVE;
				GCC_WARN_UNUSED_FUNCTION = YES;
				GCC_WARN_UNUSED_VARIABLE = YES;
				IPHONEOS_DEPLOYMENT_TARGET = 15.0;
				MTL_ENABLE_DEBUG_INFO = NO;
				MTL_FAST_MATH = YES;
				SDKROOT = iphoneos;
				SWIFT_COMPILATION_MODE = wholemodule;
				SWIFT_OPTIMIZATION_LEVEL = "-O";
				VALIDATE_PRODUCT = YES;
			};
			name = Release;
		};
		CF67E56F2744E1F500261E51 /* Debug */ = {
			isa = XCBuildConfiguration;
			buildSettings = {
				ASSETCATALOG_COMPILER_APPICON_NAME = AppIcon;
				ASSETCATALOG_COMPILER_GLOBAL_ACCENT_COLOR_NAME = AccentColor;
				CODE_SIGN_STYLE = Automatic;
				CURRENT_PROJECT_VERSION = 1;
				DEVELOPMENT_TEAM = N936TX7YVC;
				GENERATE_INFOPLIST_FILE = YES;
				INFOPLIST_FILE = WeatherApp_Capstone/Info.plist;
				INFOPLIST_KEY_UIApplicationSupportsIndirectInputEvents = YES;
				INFOPLIST_KEY_UILaunchStoryboardName = LaunchScreen;
				INFOPLIST_KEY_UIMainStoryboardFile = Main;
				INFOPLIST_KEY_UISupportedInterfaceOrientations_iPad = "UIInterfaceOrientationPortrait UIInterfaceOrientationPortraitUpsideDown UIInterfaceOrientationLandscapeLeft UIInterfaceOrientationLandscapeRight";
				INFOPLIST_KEY_UISupportedInterfaceOrientations_iPhone = "UIInterfaceOrientationPortrait UIInterfaceOrientationLandscapeLeft UIInterfaceOrientationLandscapeRight";
				LD_RUNPATH_SEARCH_PATHS = (
					"$(inherited)",
					"@executable_path/Frameworks",
				);
				MARKETING_VERSION = 1.0;
				PRODUCT_BUNDLE_IDENTIFIER = "com.RayanTaj.WeatherApp-Capstone";
				PRODUCT_NAME = "$(TARGET_NAME)";
				SWIFT_EMIT_LOC_STRINGS = YES;
				SWIFT_VERSION = 5.0;
				TARGETED_DEVICE_FAMILY = "1,2";
			};
			name = Debug;
		};
		CF67E5702744E1F500261E51 /* Release */ = {
			isa = XCBuildConfiguration;
			buildSettings = {
				ASSETCATALOG_COMPILER_APPICON_NAME = AppIcon;
				ASSETCATALOG_COMPILER_GLOBAL_ACCENT_COLOR_NAME = AccentColor;
				CODE_SIGN_STYLE = Automatic;
				CURRENT_PROJECT_VERSION = 1;
				DEVELOPMENT_TEAM = N936TX7YVC;
				GENERATE_INFOPLIST_FILE = YES;
				INFOPLIST_FILE = WeatherApp_Capstone/Info.plist;
				INFOPLIST_KEY_UIApplicationSupportsIndirectInputEvents = YES;
				INFOPLIST_KEY_UILaunchStoryboardName = LaunchScreen;
				INFOPLIST_KEY_UIMainStoryboardFile = Main;
				INFOPLIST_KEY_UISupportedInterfaceOrientations_iPad = "UIInterfaceOrientationPortrait UIInterfaceOrientationPortraitUpsideDown UIInterfaceOrientationLandscapeLeft UIInterfaceOrientationLandscapeRight";
				INFOPLIST_KEY_UISupportedInterfaceOrientations_iPhone = "UIInterfaceOrientationPortrait UIInterfaceOrientationLandscapeLeft UIInterfaceOrientationLandscapeRight";
				LD_RUNPATH_SEARCH_PATHS = (
					"$(inherited)",
					"@executable_path/Frameworks",
				);
				MARKETING_VERSION = 1.0;
				PRODUCT_BUNDLE_IDENTIFIER = "com.RayanTaj.WeatherApp-Capstone";
				PRODUCT_NAME = "$(TARGET_NAME)";
				SWIFT_EMIT_LOC_STRINGS = YES;
				SWIFT_VERSION = 5.0;
				TARGETED_DEVICE_FAMILY = "1,2";
			};
			name = Release;
		};
/* End XCBuildConfiguration section */

/* Begin XCConfigurationList section */
		CF67E5552744E1F100261E51 /* Build configuration list for PBXProject "WeatherApp_Capstone" */ = {
			isa = XCConfigurationList;
			buildConfigurations = (
				CF67E56C2744E1F500261E51 /* Debug */,
				CF67E56D2744E1F500261E51 /* Release */,
			);
			defaultConfigurationIsVisible = 0;
			defaultConfigurationName = Release;
		};
		CF67E56E2744E1F500261E51 /* Build configuration list for PBXNativeTarget "WeatherApp_Capstone" */ = {
			isa = XCConfigurationList;
			buildConfigurations = (
				CF67E56F2744E1F500261E51 /* Debug */,
				CF67E5702744E1F500261E51 /* Release */,
			);
			defaultConfigurationIsVisible = 0;
			defaultConfigurationName = Release;
		};
/* End XCConfigurationList section */
	};
	rootObject = CF67E5522744E1F100261E51 /* Project object */;
}
